// !$*UTF8*$!
{
	archiveVersion = 1;
	classes = {
	};
	objectVersion = 50;
	objects = {

/* Begin PBXBuildFile section */
		A9B1A05A2367CCC800437055 /* AppDelegate.swift in Sources */ = {isa = PBXBuildFile; fileRef = A9B1A0592367CCC800437055 /* AppDelegate.swift */; };
		A9B1A05C2367CCC800437055 /* SceneDelegate.swift in Sources */ = {isa = PBXBuildFile; fileRef = A9B1A05B2367CCC800437055 /* SceneDelegate.swift */; };
		A9B1A05E2367CCC800437055 /* ContentView.swift in Sources */ = {isa = PBXBuildFile; fileRef = A9B1A05D2367CCC800437055 /* ContentView.swift */; };
		A9B1A0602367CCC900437055 /* Assets.xcassets in Resources */ = {isa = PBXBuildFile; fileRef = A9B1A05F2367CCC900437055 /* Assets.xcassets */; };
		A9B1A0632367CCC900437055 /* Preview Assets.xcassets in Resources */ = {isa = PBXBuildFile; fileRef = A9B1A0622367CCC900437055 /* Preview Assets.xcassets */; };
		A9B1A0662367CCC900437055 /* LaunchScreen.storyboard in Resources */ = {isa = PBXBuildFile; fileRef = A9B1A0642367CCC900437055 /* LaunchScreen.storyboard */; };
		A9B1A0712367CCC900437055 /* HadesTests.swift in Sources */ = {isa = PBXBuildFile; fileRef = A9B1A0702367CCC900437055 /* HadesTests.swift */; };
		A9B1A07C2367CCC900437055 /* HadesUITests.swift in Sources */ = {isa = PBXBuildFile; fileRef = A9B1A07B2367CCC900437055 /* HadesUITests.swift */; };
/* End PBXBuildFile section */

/* Begin PBXContainerItemProxy section */
		A9B1A06D2367CCC900437055 /* PBXContainerItemProxy */ = {
			isa = PBXContainerItemProxy;
			containerPortal = A9B1A04E2367CCC800437055 /* Project object */;
			proxyType = 1;
			remoteGlobalIDString = A9B1A0552367CCC800437055;
			remoteInfo = Hades;
		};
		A9B1A0782367CCC900437055 /* PBXContainerItemProxy */ = {
			isa = PBXContainerItemProxy;
			containerPortal = A9B1A04E2367CCC800437055 /* Project object */;
			proxyType = 1;
			remoteGlobalIDString = A9B1A0552367CCC800437055;
			remoteInfo = Hades;
		};
/* End PBXContainerItemProxy section */

/* Begin PBXFileReference section */
		A9B1A0562367CCC800437055 /* Hades.app */ = {isa = PBXFileReference; explicitFileType = wrapper.application; includeInIndex = 0; path = Hades.app; sourceTree = BUILT_PRODUCTS_DIR; };
		A9B1A0592367CCC800437055 /* AppDelegate.swift */ = {isa = PBXFileReference; lastKnownFileType = sourcecode.swift; path = AppDelegate.swift; sourceTree = "<group>"; };
		A9B1A05B2367CCC800437055 /* SceneDelegate.swift */ = {isa = PBXFileReference; lastKnownFileType = sourcecode.swift; path = SceneDelegate.swift; sourceTree = "<group>"; };
		A9B1A05D2367CCC800437055 /* ContentView.swift */ = {isa = PBXFileReference; lastKnownFileType = sourcecode.swift; path = ContentView.swift; sourceTree = "<group>"; };
		A9B1A05F2367CCC900437055 /* Assets.xcassets */ = {isa = PBXFileReference; lastKnownFileType = folder.assetcatalog; path = Assets.xcassets; sourceTree = "<group>"; };
		A9B1A0622367CCC900437055 /* Preview Assets.xcassets */ = {isa = PBXFileReference; lastKnownFileType = folder.assetcatalog; path = "Preview Assets.xcassets"; sourceTree = "<group>"; };
		A9B1A0652367CCC900437055 /* Base */ = {isa = PBXFileReference; lastKnownFileType = file.storyboard; name = Base; path = Base.lproj/LaunchScreen.storyboard; sourceTree = "<group>"; };
		A9B1A0672367CCC900437055 /* Info.plist */ = {isa = PBXFileReference; lastKnownFileType = text.plist.xml; path = Info.plist; sourceTree = "<group>"; };
		A9B1A06C2367CCC900437055 /* HadesTests.xctest */ = {isa = PBXFileReference; explicitFileType = wrapper.cfbundle; includeInIndex = 0; path = HadesTests.xctest; sourceTree = BUILT_PRODUCTS_DIR; };
		A9B1A0702367CCC900437055 /* HadesTests.swift */ = {isa = PBXFileReference; lastKnownFileType = sourcecode.swift; path = HadesTests.swift; sourceTree = "<group>"; };
		A9B1A0722367CCC900437055 /* Info.plist */ = {isa = PBXFileReference; lastKnownFileType = text.plist.xml; path = Info.plist; sourceTree = "<group>"; };
		A9B1A0772367CCC900437055 /* HadesUITests.xctest */ = {isa = PBXFileReference; explicitFileType = wrapper.cfbundle; includeInIndex = 0; path = HadesUITests.xctest; sourceTree = BUILT_PRODUCTS_DIR; };
		A9B1A07B2367CCC900437055 /* HadesUITests.swift */ = {isa = PBXFileReference; lastKnownFileType = sourcecode.swift; path = HadesUITests.swift; sourceTree = "<group>"; };
		A9B1A07D2367CCCA00437055 /* Info.plist */ = {isa = PBXFileReference; lastKnownFileType = text.plist.xml; path = Info.plist; sourceTree = "<group>"; };
/* End PBXFileReference section */

/* Begin PBXFrameworksBuildPhase section */
		A9B1A0532367CCC800437055 /* Frameworks */ = {
			isa = PBXFrameworksBuildPhase;
			buildActionMask = 2147483647;
			files = (
			);
			runOnlyForDeploymentPostprocessing = 0;
		};
		A9B1A0692367CCC900437055 /* Frameworks */ = {
			isa = PBXFrameworksBuildPhase;
			buildActionMask = 2147483647;
			files = (
			);
			runOnlyForDeploymentPostprocessing = 0;
		};
		A9B1A0742367CCC900437055 /* Frameworks */ = {
			isa = PBXFrameworksBuildPhase;
			buildActionMask = 2147483647;
			files = (
			);
			runOnlyForDeploymentPostprocessing = 0;
		};
/* End PBXFrameworksBuildPhase section */

/* Begin PBXGroup section */
		A9B1A04D2367CCC800437055 = {
			isa = PBXGroup;
			children = (
				A9B1A0582367CCC800437055 /* Hades */,
				A9B1A06F2367CCC900437055 /* HadesTests */,
				A9B1A07A2367CCC900437055 /* HadesUITests */,
				A9B1A0572367CCC800437055 /* Products */,
			);
			sourceTree = "<group>";
		};
		A9B1A0572367CCC800437055 /* Products */ = {
			isa = PBXGroup;
			children = (
				A9B1A0562367CCC800437055 /* Hades.app */,
				A9B1A06C2367CCC900437055 /* HadesTests.xctest */,
				A9B1A0772367CCC900437055 /* HadesUITests.xctest */,
			);
			name = Products;
			sourceTree = "<group>";
		};
		A9B1A0582367CCC800437055 /* Hades */ = {
			isa = PBXGroup;
			children = (
				A9B1A0592367CCC800437055 /* AppDelegate.swift */,
				A9B1A05B2367CCC800437055 /* SceneDelegate.swift */,
				A9B1A05D2367CCC800437055 /* ContentView.swift */,
				A9B1A05F2367CCC900437055 /* Assets.xcassets */,
				A9B1A0642367CCC900437055 /* LaunchScreen.storyboard */,
				A9B1A0672367CCC900437055 /* Info.plist */,
				A9B1A0612367CCC900437055 /* Preview Content */,
			);
			path = Hades;
			sourceTree = "<group>";
		};
		A9B1A0612367CCC900437055 /* Preview Content */ = {
			isa = PBXGroup;
			children = (
				A9B1A0622367CCC900437055 /* Preview Assets.xcassets */,
			);
			path = "Preview Content";
			sourceTree = "<group>";
		};
		A9B1A06F2367CCC900437055 /* HadesTests */ = {
			isa = PBXGroup;
			children = (
				A9B1A0702367CCC900437055 /* HadesTests.swift */,
				A9B1A0722367CCC900437055 /* Info.plist */,
			);
			path = HadesTests;
			sourceTree = "<group>";
		};
		A9B1A07A2367CCC900437055 /* HadesUITests */ = {
			isa = PBXGroup;
			children = (
				A9B1A07B2367CCC900437055 /* HadesUITests.swift */,
				A9B1A07D2367CCCA00437055 /* Info.plist */,
			);
			path = HadesUITests;
			sourceTree = "<group>";
		};
/* End PBXGroup section */

/* Begin PBXNativeTarget section */
		A9B1A0552367CCC800437055 /* Hades */ = {
			isa = PBXNativeTarget;
			buildConfigurationList = A9B1A0802367CCCA00437055 /* Build configuration list for PBXNativeTarget "Hades" */;
			buildPhases = (
				A9B1A0522367CCC800437055 /* Sources */,
				A9B1A0532367CCC800437055 /* Frameworks */,
				A9B1A0542367CCC800437055 /* Resources */,
			);
			buildRules = (
			);
			dependencies = (
			);
			name = Hades;
			productName = Hades;
			productReference = A9B1A0562367CCC800437055 /* Hades.app */;
			productType = "com.apple.product-type.application";
		};
		A9B1A06B2367CCC900437055 /* HadesTests */ = {
			isa = PBXNativeTarget;
			buildConfigurationList = A9B1A0832367CCCA00437055 /* Build configuration list for PBXNativeTarget "HadesTests" */;
			buildPhases = (
				A9B1A0682367CCC900437055 /* Sources */,
				A9B1A0692367CCC900437055 /* Frameworks */,
				A9B1A06A2367CCC900437055 /* Resources */,
			);
			buildRules = (
			);
			dependencies = (
				A9B1A06E2367CCC900437055 /* PBXTargetDependency */,
			);
			name = HadesTests;
			productName = HadesTests;
			productReference = A9B1A06C2367CCC900437055 /* HadesTests.xctest */;
			productType = "com.apple.product-type.bundle.unit-test";
		};
		A9B1A0762367CCC900437055 /* HadesUITests */ = {
			isa = PBXNativeTarget;
			buildConfigurationList = A9B1A0862367CCCA00437055 /* Build configuration list for PBXNativeTarget "HadesUITests" */;
			buildPhases = (
				A9B1A0732367CCC900437055 /* Sources */,
				A9B1A0742367CCC900437055 /* Frameworks */,
				A9B1A0752367CCC900437055 /* Resources */,
			);
			buildRules = (
			);
			dependencies = (
				A9B1A0792367CCC900437055 /* PBXTargetDependency */,
			);
			name = HadesUITests;
			productName = HadesUITests;
			productReference = A9B1A0772367CCC900437055 /* HadesUITests.xctest */;
			productType = "com.apple.product-type.bundle.ui-testing";
		};
/* End PBXNativeTarget section */

/* Begin PBXProject section */
		A9B1A04E2367CCC800437055 /* Project object */ = {
			isa = PBXProject;
			attributes = {
				LastSwiftUpdateCheck = 1100;
				LastUpgradeCheck = 1100;
				ORGANIZATIONNAME = "Elijah Baird";
				TargetAttributes = {
					A9B1A0552367CCC800437055 = {
						CreatedOnToolsVersion = 11.0;
					};
					A9B1A06B2367CCC900437055 = {
						CreatedOnToolsVersion = 11.0;
						TestTargetID = A9B1A0552367CCC800437055;
					};
					A9B1A0762367CCC900437055 = {
						CreatedOnToolsVersion = 11.0;
						TestTargetID = A9B1A0552367CCC800437055;
					};
				};
			};
			buildConfigurationList = A9B1A0512367CCC800437055 /* Build configuration list for PBXProject "Hades" */;
			compatibilityVersion = "Xcode 9.3";
			developmentRegion = en;
			hasScannedForEncodings = 0;
			knownRegions = (
				en,
				Base,
			);
			mainGroup = A9B1A04D2367CCC800437055;
			productRefGroup = A9B1A0572367CCC800437055 /* Products */;
			projectDirPath = "";
			projectRoot = "";
			targets = (
				A9B1A0552367CCC800437055 /* Hades */,
				A9B1A06B2367CCC900437055 /* HadesTests */,
				A9B1A0762367CCC900437055 /* HadesUITests */,
			);
		};
/* End PBXProject section */

/* Begin PBXResourcesBuildPhase section */
		A9B1A0542367CCC800437055 /* Resources */ = {
			isa = PBXResourcesBuildPhase;
			buildActionMask = 2147483647;
			files = (
				A9B1A0662367CCC900437055 /* LaunchScreen.storyboard in Resources */,
				A9B1A0632367CCC900437055 /* Preview Assets.xcassets in Resources */,
				A9B1A0602367CCC900437055 /* Assets.xcassets in Resources */,
			);
			runOnlyForDeploymentPostprocessing = 0;
		};
		A9B1A06A2367CCC900437055 /* Resources */ = {
			isa = PBXResourcesBuildPhase;
			buildActionMask = 2147483647;
			files = (
			);
			runOnlyForDeploymentPostprocessing = 0;
		};
		A9B1A0752367CCC900437055 /* Resources */ = {
			isa = PBXResourcesBuildPhase;
			buildActionMask = 2147483647;
			files = (
			);
			runOnlyForDeploymentPostprocessing = 0;
		};
/* End PBXResourcesBuildPhase section */

/* Begin PBXSourcesBuildPhase section */
		A9B1A0522367CCC800437055 /* Sources */ = {
			isa = PBXSourcesBuildPhase;
			buildActionMask = 2147483647;
			files = (
				A9B1A05A2367CCC800437055 /* AppDelegate.swift in Sources */,
				A9B1A05C2367CCC800437055 /* SceneDelegate.swift in Sources */,
				A9B1A05E2367CCC800437055 /* ContentView.swift in Sources */,
			);
			runOnlyForDeploymentPostprocessing = 0;
		};
		A9B1A0682367CCC900437055 /* Sources */ = {
			isa = PBXSourcesBuildPhase;
			buildActionMask = 2147483647;
			files = (
				A9B1A0712367CCC900437055 /* HadesTests.swift in Sources */,
			);
			runOnlyForDeploymentPostprocessing = 0;
		};
		A9B1A0732367CCC900437055 /* Sources */ = {
			isa = PBXSourcesBuildPhase;
			buildActionMask = 2147483647;
			files = (
				A9B1A07C2367CCC900437055 /* HadesUITests.swift in Sources */,
			);
			runOnlyForDeploymentPostprocessing = 0;
		};
/* End PBXSourcesBuildPhase section */

/* Begin PBXTargetDependency section */
		A9B1A06E2367CCC900437055 /* PBXTargetDependency */ = {
			isa = PBXTargetDependency;
			target = A9B1A0552367CCC800437055 /* Hades */;
			targetProxy = A9B1A06D2367CCC900437055 /* PBXContainerItemProxy */;
		};
		A9B1A0792367CCC900437055 /* PBXTargetDependency */ = {
			isa = PBXTargetDependency;
			target = A9B1A0552367CCC800437055 /* Hades */;
			targetProxy = A9B1A0782367CCC900437055 /* PBXContainerItemProxy */;
		};
/* End PBXTargetDependency section */

/* Begin PBXVariantGroup section */
		A9B1A0642367CCC900437055 /* LaunchScreen.storyboard */ = {
			isa = PBXVariantGroup;
			children = (
				A9B1A0652367CCC900437055 /* Base */,
			);
			name = LaunchScreen.storyboard;
			sourceTree = "<group>";
		};
/* End PBXVariantGroup section */

/* Begin XCBuildConfiguration section */
		A9B1A07E2367CCCA00437055 /* Debug */ = {
			isa = XCBuildConfiguration;
			buildSettings = {
				ALWAYS_SEARCH_USER_PATHS = NO;
				CLANG_ANALYZER_NONNULL = YES;
				CLANG_ANALYZER_NUMBER_OBJECT_CONVERSION = YES_AGGRESSIVE;
				CLANG_CXX_LANGUAGE_STANDARD = "gnu++14";
				CLANG_CXX_LIBRARY = "libc++";
				CLANG_ENABLE_MODULES = YES;
				CLANG_ENABLE_OBJC_ARC = YES;
				CLANG_ENABLE_OBJC_WEAK = YES;
				CLANG_WARN_BLOCK_CAPTURE_AUTORELEASING = YES;
				CLANG_WARN_BOOL_CONVERSION = YES;
				CLANG_WARN_COMMA = YES;
				CLANG_WARN_CONSTANT_CONVERSION = YES;
				CLANG_WARN_DEPRECATED_OBJC_IMPLEMENTATIONS = YES;
				CLANG_WARN_DIRECT_OBJC_ISA_USAGE = YES_ERROR;
				CLANG_WARN_DOCUMENTATION_COMMENTS = YES;
				CLANG_WARN_EMPTY_BODY = YES;
				CLANG_WARN_ENUM_CONVERSION = YES;
				CLANG_WARN_INFINITE_RECURSION = YES;
				CLANG_WARN_INT_CONVERSION = YES;
				CLANG_WARN_NON_LITERAL_NULL_CONVERSION = YES;
				CLANG_WARN_OBJC_IMPLICIT_RETAIN_SELF = YES;
				CLANG_WARN_OBJC_LITERAL_CONVERSION = YES;
				CLANG_WARN_OBJC_ROOT_CLASS = YES_ERROR;
				CLANG_WARN_RANGE_LOOP_ANALYSIS = YES;
				CLANG_WARN_STRICT_PROTOTYPES = YES;
				CLANG_WARN_SUSPICIOUS_MOVE = YES;
				CLANG_WARN_UNGUARDED_AVAILABILITY = YES_AGGRESSIVE;
				CLANG_WARN_UNREACHABLE_CODE = YES;
				CLANG_WARN__DUPLICATE_METHOD_MATCH = YES;
				COPY_PHASE_STRIP = NO;
				DEBUG_INFORMATION_FORMAT = dwarf;
				ENABLE_STRICT_OBJC_MSGSEND = YES;
				ENABLE_TESTABILITY = YES;
				GCC_C_LANGUAGE_STANDARD = gnu11;
				GCC_DYNAMIC_NO_PIC = NO;
				GCC_NO_COMMON_BLOCKS = YES;
				GCC_OPTIMIZATION_LEVEL = 0;
				GCC_PREPROCESSOR_DEFINITIONS = (
					"DEBUG=1",
					"$(inherited)",
				);
				GCC_WARN_64_TO_32_BIT_CONVERSION = YES;
				GCC_WARN_ABOUT_RETURN_TYPE = YES_ERROR;
				GCC_WARN_UNDECLARED_SELECTOR = YES;
				GCC_WARN_UNINITIALIZED_AUTOS = YES_AGGRESSIVE;
				GCC_WARN_UNUSED_FUNCTION = YES;
				GCC_WARN_UNUSED_VARIABLE = YES;
				IPHONEOS_DEPLOYMENT_TARGET = 13.0;
				MTL_ENABLE_DEBUG_INFO = INCLUDE_SOURCE;
				MTL_FAST_MATH = YES;
				ONLY_ACTIVE_ARCH = YES;
				SDKROOT = iphoneos;
				SWIFT_ACTIVE_COMPILATION_CONDITIONS = DEBUG;
				SWIFT_OPTIMIZATION_LEVEL = "-Onone";
			};
			name = Debug;
		};
		A9B1A07F2367CCCA00437055 /* Release */ = {
			isa = XCBuildConfiguration;
			buildSettings = {
				ALWAYS_SEARCH_USER_PATHS = NO;
				CLANG_ANALYZER_NONNULL = YES;
				CLANG_ANALYZER_NUMBER_OBJECT_CONVERSION = YES_AGGRESSIVE;
				CLANG_CXX_LANGUAGE_STANDARD = "gnu++14";
				CLANG_CXX_LIBRARY = "libc++";
				CLANG_ENABLE_MODULES = YES;
				CLANG_ENABLE_OBJC_ARC = YES;
				CLANG_ENABLE_OBJC_WEAK = YES;
				CLANG_WARN_BLOCK_CAPTURE_AUTORELEASING = YES;
				CLANG_WARN_BOOL_CONVERSION = YES;
				CLANG_WARN_COMMA = YES;
				CLANG_WARN_CONSTANT_CONVERSION = YES;
				CLANG_WARN_DEPRECATED_OBJC_IMPLEMENTATIONS = YES;
				CLANG_WARN_DIRECT_OBJC_ISA_USAGE = YES_ERROR;
				CLANG_WARN_DOCUMENTATION_COMMENTS = YES;
				CLANG_WARN_EMPTY_BODY = YES;
				CLANG_WARN_ENUM_CONVERSION = YES;
				CLANG_WARN_INFINITE_RECURSION = YES;
				CLANG_WARN_INT_CONVERSION = YES;
				CLANG_WARN_NON_LITERAL_NULL_CONVERSION = YES;
				CLANG_WARN_OBJC_IMPLICIT_RETAIN_SELF = YES;
				CLANG_WARN_OBJC_LITERAL_CONVERSION = YES;
				CLANG_WARN_OBJC_ROOT_CLASS = YES_ERROR;
				CLANG_WARN_RANGE_LOOP_ANALYSIS = YES;
				CLANG_WARN_STRICT_PROTOTYPES = YES;
				CLANG_WARN_SUSPICIOUS_MOVE = YES;
				CLANG_WARN_UNGUARDED_AVAILABILITY = YES_AGGRESSIVE;
				CLANG_WARN_UNREACHABLE_CODE = YES;
				CLANG_WARN__DUPLICATE_METHOD_MATCH = YES;
				COPY_PHASE_STRIP = NO;
				DEBUG_INFORMATION_FORMAT = "dwarf-with-dsym";
				ENABLE_NS_ASSERTIONS = NO;
				ENABLE_STRICT_OBJC_MSGSEND = YES;
				GCC_C_LANGUAGE_STANDARD = gnu11;
				GCC_NO_COMMON_BLOCKS = YES;
				GCC_WARN_64_TO_32_BIT_CONVERSION = YES;
				GCC_WARN_ABOUT_RETURN_TYPE = YES_ERROR;
				GCC_WARN_UNDECLARED_SELECTOR = YES;
				GCC_WARN_UNINITIALIZED_AUTOS = YES_AGGRESSIVE;
				GCC_WARN_UNUSED_FUNCTION = YES;
				GCC_WARN_UNUSED_VARIABLE = YES;
				IPHONEOS_DEPLOYMENT_TARGET = 13.0;
				MTL_ENABLE_DEBUG_INFO = NO;
				MTL_FAST_MATH = YES;
				SDKROOT = iphoneos;
				SWIFT_COMPILATION_MODE = wholemodule;
				SWIFT_OPTIMIZATION_LEVEL = "-O";
				VALIDATE_PRODUCT = YES;
			};
			name = Release;
		};
		A9B1A0812367CCCA00437055 /* Debug */ = {
			isa = XCBuildConfiguration;
			buildSettings = {
				ASSETCATALOG_COMPILER_APPICON_NAME = AppIcon;
				CODE_SIGN_STYLE = Automatic;
				DEVELOPMENT_ASSET_PATHS = "\"Hades/Preview Content\"";
				DEVELOPMENT_TEAM = TPQT6H297G;
				ENABLE_PREVIEWS = YES;
				INFOPLIST_FILE = Hades/Info.plist;
				LD_RUNPATH_SEARCH_PATHS = (
					"$(inherited)",
					"@executable_path/Frameworks",
				);
				PRODUCT_BUNDLE_IDENTIFIER = elijahBaird.Hades;
				PRODUCT_NAME = "$(TARGET_NAME)";
				SWIFT_VERSION = 5.0;
				TARGETED_DEVICE_FAMILY = "1,2";
			};
			name = Debug;
		};
		A9B1A0822367CCCA00437055 /* Release */ = {
			isa = XCBuildConfiguration;
			buildSettings = {
				ASSETCATALOG_COMPILER_APPICON_NAME = AppIcon;
				CODE_SIGN_STYLE = Automatic;
				DEVELOPMENT_ASSET_PATHS = "\"Hades/Preview Content\"";
				DEVELOPMENT_TEAM = TPQT6H297G;
				ENABLE_PREVIEWS = YES;
				INFOPLIST_FILE = Hades/Info.plist;
				LD_RUNPATH_SEARCH_PATHS = (
					"$(inherited)",
					"@executable_path/Frameworks",
				);
				PRODUCT_BUNDLE_IDENTIFIER = elijahBaird.Hades;
				PRODUCT_NAME = "$(TARGET_NAME)";
				SWIFT_VERSION = 5.0;
				TARGETED_DEVICE_FAMILY = "1,2";
			};
			name = Release;
		};
		A9B1A0842367CCCA00437055 /* Debug */ = {
			isa = XCBuildConfiguration;
			buildSettings = {
				ALWAYS_EMBED_SWIFT_STANDARD_LIBRARIES = YES;
				BUNDLE_LOADER = "$(TEST_HOST)";
				CODE_SIGN_STYLE = Automatic;
				DEVELOPMENT_TEAM = TPQT6H297G;
				INFOPLIST_FILE = HadesTests/Info.plist;
				IPHONEOS_DEPLOYMENT_TARGET = 13.0;
				LD_RUNPATH_SEARCH_PATHS = (
					"$(inherited)",
					"@executable_path/Frameworks",
					"@loader_path/Frameworks",
				);
				PRODUCT_BUNDLE_IDENTIFIER = elijahBaird.HadesTests;
				PRODUCT_NAME = "$(TARGET_NAME)";
				SWIFT_VERSION = 5.0;
				TARGETED_DEVICE_FAMILY = "1,2";
				TEST_HOST = "$(BUILT_PRODUCTS_DIR)/Hades.app/Hades";
			};
			name = Debug;
		};
		A9B1A0852367CCCA00437055 /* Release */ = {
			isa = XCBuildConfiguration;
			buildSettings = {
				ALWAYS_EMBED_SWIFT_STANDARD_LIBRARIES = YES;
				BUNDLE_LOADER = "$(TEST_HOST)";
				CODE_SIGN_STYLE = Automatic;
				DEVELOPMENT_TEAM = TPQT6H297G;
				INFOPLIST_FILE = HadesTests/Info.plist;
				IPHONEOS_DEPLOYMENT_TARGET = 13.0;
				LD_RUNPATH_SEARCH_PATHS = (
					"$(inherited)",
					"@executable_path/Frameworks",
					"@loader_path/Frameworks",
				);
				PRODUCT_BUNDLE_IDENTIFIER = elijahBaird.HadesTests;
				PRODUCT_NAME = "$(TARGET_NAME)";
				SWIFT_VERSION = 5.0;
				TARGETED_DEVICE_FAMILY = "1,2";
				TEST_HOST = "$(BUILT_PRODUCTS_DIR)/Hades.app/Hades";
			};
			name = Release;
		};
		A9B1A0872367CCCA00437055 /* Debug */ = {
			isa = XCBuildConfiguration;
			buildSettings = {
				ALWAYS_EMBED_SWIFT_STANDARD_LIBRARIES = YES;
				CODE_SIGN_STYLE = Automatic;
				DEVELOPMENT_TEAM = TPQT6H297G;
				INFOPLIST_FILE = HadesUITests/Info.plist;
				LD_RUNPATH_SEARCH_PATHS = (
					"$(inherited)",
					"@executable_path/Frameworks",
					"@loader_path/Frameworks",
				);
				PRODUCT_BUNDLE_IDENTIFIER = elijahBaird.HadesUITests;
				PRODUCT_NAME = "$(TARGET_NAME)";
				SWIFT_VERSION = 5.0;
				TARGETED_DEVICE_FAMILY = "1,2";
				TEST_TARGET_NAME = Hades;
			};
			name = Debug;
		};
		A9B1A0882367CCCA00437055 /* Release */ = {
			isa = XCBuildConfiguration;
			buildSettings = {
				ALWAYS_EMBED_SWIFT_STANDARD_LIBRARIES = YES;
				CODE_SIGN_STYLE = Automatic;
				DEVELOPMENT_TEAM = TPQT6H297G;
				INFOPLIST_FILE = HadesUITests/Info.plist;
				LD_RUNPATH_SEARCH_PATHS = (
					"$(inherited)",
					"@executable_path/Frameworks",
					"@loader_path/Frameworks",
				);
				PRODUCT_BUNDLE_IDENTIFIER = elijahBaird.HadesUITests;
				PRODUCT_NAME = "$(TARGET_NAME)";
				SWIFT_VERSION = 5.0;
				TARGETED_DEVICE_FAMILY = "1,2";
				TEST_TARGET_NAME = Hades;
			};
			name = Release;
		};
/* End XCBuildConfiguration section */

/* Begin XCConfigurationList section */
		A9B1A0512367CCC800437055 /* Build configuration list for PBXProject "Hades" */ = {
			isa = XCConfigurationList;
			buildConfigurations = (
				A9B1A07E2367CCCA00437055 /* Debug */,
				A9B1A07F2367CCCA00437055 /* Release */,
			);
			defaultConfigurationIsVisible = 0;
			defaultConfigurationName = Release;
		};
		A9B1A0802367CCCA00437055 /* Build configuration list for PBXNativeTarget "Hades" */ = {
			isa = XCConfigurationList;
			buildConfigurations = (
				A9B1A0812367CCCA00437055 /* Debug */,
				A9B1A0822367CCCA00437055 /* Release */,
			);
			defaultConfigurationIsVisible = 0;
			defaultConfigurationName = Release;
		};
		A9B1A0832367CCCA00437055 /* Build configuration list for PBXNativeTarget "HadesTests" */ = {
			isa = XCConfigurationList;
			buildConfigurations = (
				A9B1A0842367CCCA00437055 /* Debug */,
				A9B1A0852367CCCA00437055 /* Release */,
			);
			defaultConfigurationIsVisible = 0;
			defaultConfigurationName = Release;
		};
		A9B1A0862367CCCA00437055 /* Build configuration list for PBXNativeTarget "HadesUITests" */ = {
			isa = XCConfigurationList;
			buildConfigurations = (
				A9B1A0872367CCCA00437055 /* Debug */,
				A9B1A0882367CCCA00437055 /* Release */,
			);
			defaultConfigurationIsVisible = 0;
			defaultConfigurationName = Release;
		};
/* End XCConfigurationList section */
	};
	rootObject = A9B1A04E2367CCC800437055 /* Project object */;
}
